
Microsoft Visual Studio Solution File, Format Version 12.00
# Visual Studio Version 16
VisualStudioVersion = 16.0.31515.178
MinimumVisualStudioVersion = 10.0.40219.1
Project("{FAE04EC0-301F-11D3-BF4B-00C04F79EFBC}") = "atelier 2 CRUD +GESTION PROFILES", "atelier 2 CRUD +GESTION PROFILES\atelier 2 CRUD +GESTION PROFILES.csproj", "{DA568676-8590-4FA2-A844-DE7965040CFE}"
EndProject
Global
	GlobalSection(SolutionConfigurationPlatforms) = preSolution
		Debug|Any CPU = Debug|Any CPU
		Release|Any CPU = Release|Any CPU
	EndGlobalSection
	GlobalSection(ProjectConfigurationPlatforms) = postSolution
		{DA568676-8590-4FA2-A844-DE7965040CFE}.Debug|Any CPU.ActiveCfg = Debug|Any CPU
		{DA568676-8590-4FA2-A844-DE7965040CFE}.Debug|Any CPU.Build.0 = Debug|Any CPU
		{DA568676-8590-4FA2-A844-DE7965040CFE}.Release|Any CPU.ActiveCfg = Release|Any CPU
		{DA568676-8590-4FA2-A844-DE7965040CFE}.Release|Any CPU.Build.0 = Release|Any CPU
	EndGlobalSection
	GlobalSection(SolutionProperties) = preSolution
		HideSolutionNode = FALSE
	EndGlobalSection
	GlobalSection(ExtensibilityGlobals) = postSolution
		SolutionGuid = {FA117B80-58A6-4C3C-8A22-B12F365BDAB3}
	EndGlobalSection
EndGlobal
